
Microsoft Visual Studio Solution File, Format Version 12.00
# Visual Studio Version 16
VisualStudioVersion = 16.0.30011.22
MinimumVisualStudioVersion = 10.0.40219.1
Project("{9A19103F-16F7-4668-BE54-9A1E7A4F7556}") = "BaseApiEF", "BaseApiEF.csproj", "{4FEB3255-365C-4897-B764-F41E9C19575E}"
EndProject
Global
	GlobalSection(SolutionConfigurationPlatforms) = preSolution
		Debug|Any CPU = Debug|Any CPU
		Release|Any CPU = Release|Any CPU
	EndGlobalSection
	GlobalSection(ProjectConfigurationPlatforms) = postSolution
		{4FEB3255-365C-4897-B764-F41E9C19575E}.Debug|Any CPU.ActiveCfg = Debug|Any CPU
		{4FEB3255-365C-4897-B764-F41E9C19575E}.Debug|Any CPU.Build.0 = Debug|Any CPU
		{4FEB3255-365C-4897-B764-F41E9C19575E}.Release|Any CPU.ActiveCfg = Release|Any CPU
		{4FEB3255-365C-4897-B764-F41E9C19575E}.Release|Any CPU.Build.0 = Release|Any CPU
	EndGlobalSection
	GlobalSection(SolutionProperties) = preSolution
		HideSolutionNode = FALSE
	EndGlobalSection
	GlobalSection(ExtensibilityGlobals) = postSolution
		SolutionGuid = {3CD6745D-F97B-4275-A6F6-252B6F55B798}
	EndGlobalSection
EndGlobal
